
Microsoft Visual Studio Solution File, Format Version 12.00
# Visual Studio Version 17
VisualStudioVersion = 17.11.35327.3
MinimumVisualStudioVersion = 10.0.40219.1
Project("{FAE04EC0-301F-11D3-BF4B-00C04F79EFBC}") = "Get request to Bookin", "Get request to Bookin\Get request to Bookin.csproj", "{FE066CA1-359B-48B9-8EBE-D33A453F2F11}"
EndProject
Global
	GlobalSection(SolutionConfigurationPlatforms) = preSolution
		Debug|Any CPU = Debug|Any CPU
		Release|Any CPU = Release|Any CPU
	EndGlobalSection
	GlobalSection(ProjectConfigurationPlatforms) = postSolution
		{FE066CA1-359B-48B9-8EBE-D33A453F2F11}.Debug|Any CPU.ActiveCfg = Debug|Any CPU
		{FE066CA1-359B-48B9-8EBE-D33A453F2F11}.Debug|Any CPU.Build.0 = Debug|Any CPU
		{FE066CA1-359B-48B9-8EBE-D33A453F2F11}.Release|Any CPU.ActiveCfg = Release|Any CPU
		{FE066CA1-359B-48B9-8EBE-D33A453F2F11}.Release|Any CPU.Build.0 = Release|Any CPU
	EndGlobalSection
	GlobalSection(SolutionProperties) = preSolution
		HideSolutionNode = FALSE
	EndGlobalSection
	GlobalSection(ExtensibilityGlobals) = postSolution
		SolutionGuid = {BA62E50A-F314-48F4-8EE1-D4080D057448}
	EndGlobalSection
EndGlobal
